
Microsoft Visual Studio Solution File, Format Version 12.00
# Visual Studio Version 17
VisualStudioVersion = 17.1.32228.430
MinimumVisualStudioVersion = 10.0.40219.1
Project("{FAE04EC0-301F-11D3-BF4B-00C04F79EFBC}") = "ConceptsPOO", "ConceptsPOO\ConceptsPOO.csproj", "{E23622F2-DBFB-46DD-855E-0013B15D0C9D}"
EndProject
Global
	GlobalSection(SolutionConfigurationPlatforms) = preSolution
		Debug|Any CPU = Debug|Any CPU
		Release|Any CPU = Release|Any CPU
	EndGlobalSection
	GlobalSection(ProjectConfigurationPlatforms) = postSolution
		{E23622F2-DBFB-46DD-855E-0013B15D0C9D}.Debug|Any CPU.ActiveCfg = Debug|Any CPU
		{E23622F2-DBFB-46DD-855E-0013B15D0C9D}.Debug|Any CPU.Build.0 = Debug|Any CPU
		{E23622F2-DBFB-46DD-855E-0013B15D0C9D}.Release|Any CPU.ActiveCfg = Release|Any CPU
		{E23622F2-DBFB-46DD-855E-0013B15D0C9D}.Release|Any CPU.Build.0 = Release|Any CPU
	EndGlobalSection
	GlobalSection(SolutionProperties) = preSolution
		HideSolutionNode = FALSE
	EndGlobalSection
	GlobalSection(ExtensibilityGlobals) = postSolution
		SolutionGuid = {FA42A210-5246-44FA-BC0E-393D9E56713F}
	EndGlobalSection
EndGlobal
